
Microsoft Visual Studio Solution File, Format Version 12.00
# Visual Studio Version 17
VisualStudioVersion = 17.7.34221.43
MinimumVisualStudioVersion = 10.0.40219.1
Project("{FAE04EC0-301F-11D3-BF4B-00C04F79EFBC}") = "Problematest", "Problematest\Problematest.csproj", "{8B3C9F2F-34AC-4B2E-A49D-2A48C85432AA}"
EndProject
Global
	GlobalSection(SolutionConfigurationPlatforms) = preSolution
		Debug|Any CPU = Debug|Any CPU
		Release|Any CPU = Release|Any CPU
	EndGlobalSection
	GlobalSection(ProjectConfigurationPlatforms) = postSolution
		{8B3C9F2F-34AC-4B2E-A49D-2A48C85432AA}.Debug|Any CPU.ActiveCfg = Debug|Any CPU
		{8B3C9F2F-34AC-4B2E-A49D-2A48C85432AA}.Debug|Any CPU.Build.0 = Debug|Any CPU
		{8B3C9F2F-34AC-4B2E-A49D-2A48C85432AA}.Release|Any CPU.ActiveCfg = Release|Any CPU
		{8B3C9F2F-34AC-4B2E-A49D-2A48C85432AA}.Release|Any CPU.Build.0 = Release|Any CPU
	EndGlobalSection
	GlobalSection(SolutionProperties) = preSolution
		HideSolutionNode = FALSE
	EndGlobalSection
	GlobalSection(ExtensibilityGlobals) = postSolution
		SolutionGuid = {22C683AE-5DB8-4EB7-8F03-067421179F7E}
	EndGlobalSection
EndGlobal
